
Microsoft Visual Studio Solution File, Format Version 12.00
# Visual Studio Version 17
VisualStudioVersion = 17.11.35327.3
MinimumVisualStudioVersion = 10.0.40219.1
Project("{FAE04EC0-301F-11D3-BF4B-00C04F79EFBC}") = "MercadoApp", "MercadoApp\MercadoApp.csproj", "{800234E2-B4BA-4D4B-8ECF-E82B8DD067DD}"
EndProject
Global
	GlobalSection(SolutionConfigurationPlatforms) = preSolution
		Debug|Any CPU = Debug|Any CPU
		Release|Any CPU = Release|Any CPU
	EndGlobalSection
	GlobalSection(ProjectConfigurationPlatforms) = postSolution
		{800234E2-B4BA-4D4B-8ECF-E82B8DD067DD}.Debug|Any CPU.ActiveCfg = Debug|Any CPU
		{800234E2-B4BA-4D4B-8ECF-E82B8DD067DD}.Debug|Any CPU.Build.0 = Debug|Any CPU
		{800234E2-B4BA-4D4B-8ECF-E82B8DD067DD}.Release|Any CPU.ActiveCfg = Release|Any CPU
		{800234E2-B4BA-4D4B-8ECF-E82B8DD067DD}.Release|Any CPU.Build.0 = Release|Any CPU
	EndGlobalSection
	GlobalSection(SolutionProperties) = preSolution
		HideSolutionNode = FALSE
	EndGlobalSection
	GlobalSection(ExtensibilityGlobals) = postSolution
		SolutionGuid = {DAFC950A-51AC-4EED-B4D7-43C23C494397}
	EndGlobalSection
EndGlobal
